// !$*UTF8*$!
{
	archiveVersion = 1;
	classes = {
	};
	objectVersion = 46;
	objects = {

/* Begin PBXBuildFile section */
		BDC5D5941D441AA500D6FB0E /* AppDelegate.swift in Sources */ = {isa = PBXBuildFile; fileRef = BDC5D5931D441AA500D6FB0E /* AppDelegate.swift */; };
		BDC5D5961D441AA500D6FB0E /* ViewController.swift in Sources */ = {isa = PBXBuildFile; fileRef = BDC5D5951D441AA500D6FB0E /* ViewController.swift */; };
		BDC5D5991D441AA500D6FB0E /* Main.storyboard in Resources */ = {isa = PBXBuildFile; fileRef = BDC5D5971D441AA500D6FB0E /* Main.storyboard */; };
		BDC5D59B1D441AA500D6FB0E /* Assets.xcassets in Resources */ = {isa = PBXBuildFile; fileRef = BDC5D59A1D441AA500D6FB0E /* Assets.xcassets */; };
		BDC5D59E1D441AA500D6FB0E /* LaunchScreen.storyboard in Resources */ = {isa = PBXBuildFile; fileRef = BDC5D59C1D441AA500D6FB0E /* LaunchScreen.storyboard */; };
		BDC5D5A61D44367F00D6FB0E /* ImageQueue.swift in Sources */ = {isa = PBXBuildFile; fileRef = BDC5D5A51D44367F00D6FB0E /* ImageQueue.swift */; };
/* End PBXBuildFile section */

/* Begin PBXFileReference section */
		BDC5D5901D441AA500D6FB0E /* lesAnimaux.app */ = {isa = PBXFileReference; explicitFileType = wrapper.application; includeInIndex = 0; path = lesAnimaux.app; sourceTree = BUILT_PRODUCTS_DIR; };
		BDC5D5931D441AA500D6FB0E /* AppDelegate.swift */ = {isa = PBXFileReference; lastKnownFileType = sourcecode.swift; path = AppDelegate.swift; sourceTree = "<group>"; };
		BDC5D5951D441AA500D6FB0E /* ViewController.swift */ = {isa = PBXFileReference; lastKnownFileType = sourcecode.swift; path = ViewController.swift; sourceTree = "<group>"; };
		BDC5D5981D441AA500D6FB0E /* Base */ = {isa = PBXFileReference; lastKnownFileType = file.storyboard; name = Base; path = Base.lproj/Main.storyboard; sourceTree = "<group>"; };
		BDC5D59A1D441AA500D6FB0E /* Assets.xcassets */ = {isa = PBXFileReference; lastKnownFileType = folder.assetcatalog; path = Assets.xcassets; sourceTree = "<group>"; };
		BDC5D59D1D441AA500D6FB0E /* Base */ = {isa = PBXFileReference; lastKnownFileType = file.storyboard; name = Base; path = Base.lproj/LaunchScreen.storyboard; sourceTree = "<group>"; };
		BDC5D59F1D441AA500D6FB0E /* Info.plist */ = {isa = PBXFileReference; lastKnownFileType = text.plist.xml; path = Info.plist; sourceTree = "<group>"; };
		BDC5D5A51D44367F00D6FB0E /* ImageQueue.swift */ = {isa = PBXFileReference; fileEncoding = 4; lastKnownFileType = sourcecode.swift; path = ImageQueue.swift; sourceTree = "<group>"; };
/* End PBXFileReference section */

/* Begin PBXFrameworksBuildPhase section */
		BDC5D58D1D441AA500D6FB0E /* Frameworks */ = {
			isa = PBXFrameworksBuildPhase;
			buildActionMask = 2147483647;
			files = (
			);
			runOnlyForDeploymentPostprocessing = 0;
		};
/* End PBXFrameworksBuildPhase section */

/* Begin PBXGroup section */
		BDC5D5871D441AA500D6FB0E = {
			isa = PBXGroup;
			children = (
				BDC5D5921D441AA500D6FB0E /* lesAnimaux */,
				BDC5D5911D441AA500D6FB0E /* Products */,
			);
			sourceTree = "<group>";
		};
		BDC5D5911D441AA500D6FB0E /* Products */ = {
			isa = PBXGroup;
			children = (
				BDC5D5901D441AA500D6FB0E /* lesAnimaux.app */,
			);
			name = Products;
			sourceTree = "<group>";
		};
		BDC5D5921D441AA500D6FB0E /* lesAnimaux */ = {
			isa = PBXGroup;
			children = (
				BDC5D5931D441AA500D6FB0E /* AppDelegate.swift */,
				BDC5D5951D441AA500D6FB0E /* ViewController.swift */,
				BDC5D5A51D44367F00D6FB0E /* ImageQueue.swift */,
				BDC5D5971D441AA500D6FB0E /* Main.storyboard */,
				BDC5D59A1D441AA500D6FB0E /* Assets.xcassets */,
				BDC5D59C1D441AA500D6FB0E /* LaunchScreen.storyboard */,
				BDC5D59F1D441AA500D6FB0E /* Info.plist */,
			);
			path = lesAnimaux;
			sourceTree = "<group>";
		};
/* End PBXGroup section */

/* Begin PBXNativeTarget section */
		BDC5D58F1D441AA500D6FB0E /* lesAnimaux */ = {
			isa = PBXNativeTarget;
			buildConfigurationList = BDC5D5A21D441AA500D6FB0E /* Build configuration list for PBXNativeTarget "lesAnimaux" */;
			buildPhases = (
				BDC5D58C1D441AA500D6FB0E /* Sources */,
				BDC5D58D1D441AA500D6FB0E /* Frameworks */,
				BDC5D58E1D441AA500D6FB0E /* Resources */,
			);
			buildRules = (
			);
			dependencies = (
			);
			name = lesAnimaux;
			productName = lesAnimaux;
			productReference = BDC5D5901D441AA500D6FB0E /* lesAnimaux.app */;
			productType = "com.apple.product-type.application";
		};
/* End PBXNativeTarget section */

/* Begin PBXProject section */
		BDC5D5881D441AA500D6FB0E /* Project object */ = {
			isa = PBXProject;
			attributes = {
				LastSwiftUpdateCheck = 0800;
				LastUpgradeCheck = 0800;
				ORGANIZATIONNAME = "Aaron Boswell";
				TargetAttributes = {
					BDC5D58F1D441AA500D6FB0E = {
						CreatedOnToolsVersion = 8.0;
						DevelopmentTeam = 27RHNLCLG4;
						DevelopmentTeamName = "Aaron Boswell";
						ProvisioningStyle = Automatic;
					};
				};
			};
			buildConfigurationList = BDC5D58B1D441AA500D6FB0E /* Build configuration list for PBXProject "lesAnimaux" */;
			compatibilityVersion = "Xcode 3.2";
			developmentRegion = English;
			hasScannedForEncodings = 0;
			knownRegions = (
				en,
				Base,
			);
			mainGroup = BDC5D5871D441AA500D6FB0E;
			productRefGroup = BDC5D5911D441AA500D6FB0E /* Products */;
			projectDirPath = "";
			projectRoot = "";
			targets = (
				BDC5D58F1D441AA500D6FB0E /* lesAnimaux */,
			);
		};
/* End PBXProject section */

/* Begin PBXResourcesBuildPhase section */
		BDC5D58E1D441AA500D6FB0E /* Resources */ = {
			isa = PBXResourcesBuildPhase;
			buildActionMask = 2147483647;
			files = (
				BDC5D59E1D441AA500D6FB0E /* LaunchScreen.storyboard in Resources */,
				BDC5D59B1D441AA500D6FB0E /* Assets.xcassets in Resources */,
				BDC5D5991D441AA500D6FB0E /* Main.storyboard in Resources */,
			);
			runOnlyForDeploymentPostprocessing = 0;
		};
/* End PBXResourcesBuildPhase section */

/* Begin PBXSourcesBuildPhase section */
		BDC5D58C1D441AA500D6FB0E /* Sources */ = {
			isa = PBXSourcesBuildPhase;
			buildActionMask = 2147483647;
			files = (
				BDC5D5961D441AA500D6FB0E /* ViewController.swift in Sources */,
				BDC5D5A61D44367F00D6FB0E /* ImageQueue.swift in Sources */,
				BDC5D5941D441AA500D6FB0E /* AppDelegate.swift in Sources */,
			);
			runOnlyForDeploymentPostprocessing = 0;
		};
/* End PBXSourcesBuildPhase section */

/* Begin PBXVariantGroup section */
		BDC5D5971D441AA500D6FB0E /* Main.storyboard */ = {
			isa = PBXVariantGroup;
			children = (
				BDC5D5981D441AA500D6FB0E /* Base */,
			);
			name = Main.storyboard;
			sourceTree = "<group>";
		};
		BDC5D59C1D441AA500D6FB0E /* LaunchScreen.storyboard */ = {
			isa = PBXVariantGroup;
			children = (
				BDC5D59D1D441AA500D6FB0E /* Base */,
			);
			name = LaunchScreen.storyboard;
			sourceTree = "<group>";
		};
/* End PBXVariantGroup section */

/* Begin XCBuildConfiguration section */
		BDC5D5A01D441AA500D6FB0E /* Debug */ = {
			isa = XCBuildConfiguration;
			buildSettings = {
				ALWAYS_SEARCH_USER_PATHS = NO;
				CLANG_ANALYZER_NONNULL = YES;
				CLANG_CXX_LANGUAGE_STANDARD = "gnu++0x";
				CLANG_CXX_LIBRARY = "libc++";
				CLANG_ENABLE_MODULES = YES;
				CLANG_ENABLE_OBJC_ARC = YES;
				CLANG_WARN_BOOL_CONVERSION = YES;
				CLANG_WARN_CONSTANT_CONVERSION = YES;
				CLANG_WARN_DIRECT_OBJC_ISA_USAGE = YES_ERROR;
				CLANG_WARN_DOCUMENTATION_COMMENTS = YES;
				CLANG_WARN_EMPTY_BODY = YES;
				CLANG_WARN_ENUM_CONVERSION = YES;
				CLANG_WARN_INT_CONVERSION = YES;
				CLANG_WARN_OBJC_ROOT_CLASS = YES_ERROR;
				CLANG_WARN_UNREACHABLE_CODE = YES;
				CLANG_WARN__DUPLICATE_METHOD_MATCH = YES;
				"CODE_SIGN_IDENTITY[sdk=iphoneos*]" = "iPhone Developer";
				COPY_PHASE_STRIP = NO;
				DEBUG_INFORMATION_FORMAT = dwarf;
				ENABLE_STRICT_OBJC_MSGSEND = YES;
				ENABLE_TESTABILITY = YES;
				GCC_C_LANGUAGE_STANDARD = gnu99;
				GCC_DYNAMIC_NO_PIC = NO;
				GCC_NO_COMMON_BLOCKS = YES;
				GCC_OPTIMIZATION_LEVEL = 0;
				GCC_PREPROCESSOR_DEFINITIONS = (
					"DEBUG=1",
					"$(inherited)",
				);
				GCC_WARN_64_TO_32_BIT_CONVERSION = YES;
				GCC_WARN_ABOUT_RETURN_TYPE = YES_ERROR;
				GCC_WARN_UNDECLARED_SELECTOR = YES;
				GCC_WARN_UNINITIALIZED_AUTOS = YES_AGGRESSIVE;
				GCC_WARN_UNUSED_FUNCTION = YES;
				GCC_WARN_UNUSED_VARIABLE = YES;
				IPHONEOS_DEPLOYMENT_TARGET = 10.0;
				MTL_ENABLE_DEBUG_INFO = YES;
				ONLY_ACTIVE_ARCH = YES;
				SDKROOT = iphoneos;
				SWIFT_ACTIVE_COMPILATION_CONDITIONS = DEBUG;
				SWIFT_OPTIMIZATION_LEVEL = "-Onone";
			};
			name = Debug;
		};
		BDC5D5A11D441AA500D6FB0E /* Release */ = {
			isa = XCBuildConfiguration;
			buildSettings = {
				ALWAYS_SEARCH_USER_PATHS = NO;
				CLANG_ANALYZER_NONNULL = YES;
				CLANG_CXX_LANGUAGE_STANDARD = "gnu++0x";
				CLANG_CXX_LIBRARY = "libc++";
				CLANG_ENABLE_MODULES = YES;
				CLANG_ENABLE_OBJC_ARC = YES;
				CLANG_WARN_BOOL_CONVERSION = YES;
				CLANG_WARN_CONSTANT_CONVERSION = YES;
				CLANG_WARN_DIRECT_OBJC_ISA_USAGE = YES_ERROR;
				CLANG_WARN_DOCUMENTATION_COMMENTS = YES;
				CLANG_WARN_EMPTY_BODY = YES;
				CLANG_WARN_ENUM_CONVERSION = YES;
				CLANG_WARN_INT_CONVERSION = YES;
				CLANG_WARN_OBJC_ROOT_CLASS = YES_ERROR;
				CLANG_WARN_UNREACHABLE_CODE = YES;
				CLANG_WARN__DUPLICATE_METHOD_MATCH = YES;
				"CODE_SIGN_IDENTITY[sdk=iphoneos*]" = "iPhone Developer";
				COPY_PHASE_STRIP = NO;
				DEBUG_INFORMATION_FORMAT = "dwarf-with-dsym";
				ENABLE_NS_ASSERTIONS = NO;
				ENABLE_STRICT_OBJC_MSGSEND = YES;
				GCC_C_LANGUAGE_STANDARD = gnu99;
				GCC_NO_COMMON_BLOCKS = YES;
				GCC_WARN_64_TO_32_BIT_CONVERSION = YES;
				GCC_WARN_ABOUT_RETURN_TYPE = YES_ERROR;
				GCC_WARN_UNDECLARED_SELECTOR = YES;
				GCC_WARN_UNINITIALIZED_AUTOS = YES_AGGRESSIVE;
				GCC_WARN_UNUSED_FUNCTION = YES;
				GCC_WARN_UNUSED_VARIABLE = YES;
				IPHONEOS_DEPLOYMENT_TARGET = 10.0;
				MTL_ENABLE_DEBUG_INFO = NO;
				SDKROOT = iphoneos;
				SWIFT_OPTIMIZATION_LEVEL = "-Owholemodule";
				VALIDATE_PRODUCT = YES;
			};
			name = Release;
		};
		BDC5D5A31D441AA500D6FB0E /* Debug */ = {
			isa = XCBuildConfiguration;
			buildSettings = {
				ASSETCATALOG_COMPILER_APPICON_NAME = AppIcon;
				INFOPLIST_FILE = lesAnimaux/Info.plist;
				LD_RUNPATH_SEARCH_PATHS = "$(inherited) @executable_path/Frameworks";
				PRODUCT_BUNDLE_IDENTIFIER = company.lesAnimaux;
				PRODUCT_NAME = "$(TARGET_NAME)";
				SWIFT_VERSION = 3.0;
			};
			name = Debug;
		};
		BDC5D5A41D441AA500D6FB0E /* Release */ = {
			isa = XCBuildConfiguration;
			buildSettings = {
				ASSETCATALOG_COMPILER_APPICON_NAME = AppIcon;
				INFOPLIST_FILE = lesAnimaux/Info.plist;
				LD_RUNPATH_SEARCH_PATHS = "$(inherited) @executable_path/Frameworks";
				PRODUCT_BUNDLE_IDENTIFIER = company.lesAnimaux;
				PRODUCT_NAME = "$(TARGET_NAME)";
				SWIFT_VERSION = 3.0;
			};
			name = Release;
		};
/* End XCBuildConfiguration section */

/* Begin XCConfigurationList section */
		BDC5D58B1D441AA500D6FB0E /* Build configuration list for PBXProject "lesAnimaux" */ = {
			isa = XCConfigurationList;
			buildConfigurations = (
				BDC5D5A01D441AA500D6FB0E /* Debug */,
				BDC5D5A11D441AA500D6FB0E /* Release */,
			);
			defaultConfigurationIsVisible = 0;
			defaultConfigurationName = Release;
		};
		BDC5D5A21D441AA500D6FB0E /* Build configuration list for PBXNativeTarget "lesAnimaux" */ = {
			isa = XCConfigurationList;
			buildConfigurations = (
				BDC5D5A31D441AA500D6FB0E /* Debug */,
				BDC5D5A41D441AA500D6FB0E /* Release */,
			);
			defaultConfigurationIsVisible = 0;
			defaultConfigurationName = Release;
		};
/* End XCConfigurationList section */
	};
	rootObject = BDC5D5881D441AA500D6FB0E /* Project object */;
}
